
Microsoft Visual Studio Solution File, Format Version 12.00
# Visual Studio Version 16
VisualStudioVersion = 16.0.29409.12
MinimumVisualStudioVersion = 10.0.40219.1
Project("{8BC9CEB8-8B4A-11D0-8D11-00A0C91BC942}") = "vjezba3_zad1", "vjezba3_zad1\vjezba3_zad1.vcxproj", "{34DAE40B-469D-4786-8C62-EA6D0A46DD7A}"
EndProject
Project("{8BC9CEB8-8B4A-11D0-8D11-00A0C91BC942}") = "vjezba3_zad2", "vjezba3_zad2\vjezba3_zad2.vcxproj", "{A0574BF9-10DE-408E-9E8A-63B55D727127}"
EndProject
Project("{8BC9CEB8-8B4A-11D0-8D11-00A0C91BC942}") = "vjezba3_zad3", "vjezba3_zad3\vjezba3_zad3.vcxproj", "{93ADE844-C6BF-4F85-AB40-605083B27999}"
EndProject
Project("{8BC9CEB8-8B4A-11D0-8D11-00A0C91BC942}") = "vjezba3_zad4", "vjezba3_zad4\vjezba3_zad4.vcxproj", "{C10BEE50-B82D-4493-973B-D5003A9CDBAD}"
EndProject
Project("{8BC9CEB8-8B4A-11D0-8D11-00A0C91BC942}") = "vjezba3_zad5", "vjezba3_zad5\vjezba3_zad5.vcxproj", "{719F524C-C7F1-405C-94B7-0FD42728004C}"
EndProject
Project("{8BC9CEB8-8B4A-11D0-8D11-00A0C91BC942}") = "vjezba3_zad6", "vjezba3_zad6\vjezba3_zad6.vcxproj", "{FE3F3A77-EAB4-4336-9B09-E6B0701F3AF9}"
EndProject
Project("{8BC9CEB8-8B4A-11D0-8D11-00A0C91BC942}") = "vjezba3_zad7", "vjezba3_zad7\vjezba3_zad7.vcxproj", "{7362B637-3F58-40C1-8AEC-0F02A7D72FEF}"
EndProject
Global
	GlobalSection(SolutionConfigurationPlatforms) = preSolution
		Debug|x64 = Debug|x64
		Debug|x86 = Debug|x86
		Release|x64 = Release|x64
		Release|x86 = Release|x86
	EndGlobalSection
	GlobalSection(ProjectConfigurationPlatforms) = postSolution
		{34DAE40B-469D-4786-8C62-EA6D0A46DD7A}.Debug|x64.ActiveCfg = Debug|x64
		{34DAE40B-469D-4786-8C62-EA6D0A46DD7A}.Debug|x64.Build.0 = Debug|x64
		{34DAE40B-469D-4786-8C62-EA6D0A46DD7A}.Debug|x86.ActiveCfg = Debug|Win32
		{34DAE40B-469D-4786-8C62-EA6D0A46DD7A}.Debug|x86.Build.0 = Debug|Win32
		{34DAE40B-469D-4786-8C62-EA6D0A46DD7A}.Release|x64.ActiveCfg = Release|x64
		{34DAE40B-469D-4786-8C62-EA6D0A46DD7A}.Release|x64.Build.0 = Release|x64
		{34DAE40B-469D-4786-8C62-EA6D0A46DD7A}.Release|x86.ActiveCfg = Release|Win32
		{34DAE40B-469D-4786-8C62-EA6D0A46DD7A}.Release|x86.Build.0 = Release|Win32
		{A0574BF9-10DE-408E-9E8A-63B55D727127}.Debug|x64.ActiveCfg = Debug|x64
		{A0574BF9-10DE-408E-9E8A-63B55D727127}.Debug|x64.Build.0 = Debug|x64
		{A0574BF9-10DE-408E-9E8A-63B55D727127}.Debug|x86.ActiveCfg = Debug|Win32
		{A0574BF9-10DE-408E-9E8A-63B55D727127}.Debug|x86.Build.0 = Debug|Win32
		{A0574BF9-10DE-408E-9E8A-63B55D727127}.Release|x64.ActiveCfg = Release|x64
		{A0574BF9-10DE-408E-9E8A-63B55D727127}.Release|x64.Build.0 = Release|x64
		{A0574BF9-10DE-408E-9E8A-63B55D727127}.Release|x86.ActiveCfg = Release|Win32
		{A0574BF9-10DE-408E-9E8A-63B55D727127}.Release|x86.Build.0 = Release|Win32
		{93ADE844-C6BF-4F85-AB40-605083B27999}.Debug|x64.ActiveCfg = Debug|x64
		{93ADE844-C6BF-4F85-AB40-605083B27999}.Debug|x64.Build.0 = Debug|x64
		{93ADE844-C6BF-4F85-AB40-605083B27999}.Debug|x86.ActiveCfg = Debug|Win32
		{93ADE844-C6BF-4F85-AB40-605083B27999}.Debug|x86.Build.0 = Debug|Win32
		{93ADE844-C6BF-4F85-AB40-605083B27999}.Release|x64.ActiveCfg = Release|x64
		{93ADE844-C6BF-4F85-AB40-605083B27999}.Release|x64.Build.0 = Release|x64
		{93ADE844-C6BF-4F85-AB40-605083B27999}.Release|x86.ActiveCfg = Release|Win32
		{93ADE844-C6BF-4F85-AB40-605083B27999}.Release|x86.Build.0 = Release|Win32
		{C10BEE50-B82D-4493-973B-D5003A9CDBAD}.Debug|x64.ActiveCfg = Debug|x64
		{C10BEE50-B82D-4493-973B-D5003A9CDBAD}.Debug|x64.Build.0 = Debug|x64
		{C10BEE50-B82D-4493-973B-D5003A9CDBAD}.Debug|x86.ActiveCfg = Debug|Win32
		{C10BEE50-B82D-4493-973B-D5003A9CDBAD}.Debug|x86.Build.0 = Debug|Win32
		{C10BEE50-B82D-4493-973B-D5003A9CDBAD}.Release|x64.ActiveCfg = Release|x64
		{C10BEE50-B82D-4493-973B-D5003A9CDBAD}.Release|x64.Build.0 = Release|x64
		{C10BEE50-B82D-4493-973B-D5003A9CDBAD}.Release|x86.ActiveCfg = Release|Win32
		{C10BEE50-B82D-4493-973B-D5003A9CDBAD}.Release|x86.Build.0 = Release|Win32
		{719F524C-C7F1-405C-94B7-0FD42728004C}.Debug|x64.ActiveCfg = Debug|x64
		{719F524C-C7F1-405C-94B7-0FD42728004C}.Debug|x64.Build.0 = Debug|x64
		{719F524C-C7F1-405C-94B7-0FD42728004C}.Debug|x86.ActiveCfg = Debug|Win32
		{719F524C-C7F1-405C-94B7-0FD42728004C}.Debug|x86.Build.0 = Debug|Win32
		{719F524C-C7F1-405C-94B7-0FD42728004C}.Release|x64.ActiveCfg = Release|x64
		{719F524C-C7F1-405C-94B7-0FD42728004C}.Release|x64.Build.0 = Release|x64
		{719F524C-C7F1-405C-94B7-0FD42728004C}.Release|x86.ActiveCfg = Release|Win32
		{719F524C-C7F1-405C-94B7-0FD42728004C}.Release|x86.Build.0 = Release|Win32
		{FE3F3A77-EAB4-4336-9B09-E6B0701F3AF9}.Debug|x64.ActiveCfg = Debug|x64
		{FE3F3A77-EAB4-4336-9B09-E6B0701F3AF9}.Debug|x64.Build.0 = Debug|x64
		{FE3F3A77-EAB4-4336-9B09-E6B0701F3AF9}.Debug|x86.ActiveCfg = Debug|Win32
		{FE3F3A77-EAB4-4336-9B09-E6B0701F3AF9}.Debug|x86.Build.0 = Debug|Win32
		{FE3F3A77-EAB4-4336-9B09-E6B0701F3AF9}.Release|x64.ActiveCfg = Release|x64
		{FE3F3A77-EAB4-4336-9B09-E6B0701F3AF9}.Release|x64.Build.0 = Release|x64
		{FE3F3A77-EAB4-4336-9B09-E6B0701F3AF9}.Release|x86.ActiveCfg = Release|Win32
		{FE3F3A77-EAB4-4336-9B09-E6B0701F3AF9}.Release|x86.Build.0 = Release|Win32
		{7362B637-3F58-40C1-8AEC-0F02A7D72FEF}.Debug|x64.ActiveCfg = Debug|x64
		{7362B637-3F58-40C1-8AEC-0F02A7D72FEF}.Debug|x64.Build.0 = Debug|x64
		{7362B637-3F58-40C1-8AEC-0F02A7D72FEF}.Debug|x86.ActiveCfg = Debug|Win32
		{7362B637-3F58-40C1-8AEC-0F02A7D72FEF}.Debug|x86.Build.0 = Debug|Win32
		{7362B637-3F58-40C1-8AEC-0F02A7D72FEF}.Release|x64.ActiveCfg = Release|x64
		{7362B637-3F58-40C1-8AEC-0F02A7D72FEF}.Release|x64.Build.0 = Release|x64
		{7362B637-3F58-40C1-8AEC-0F02A7D72FEF}.Release|x86.ActiveCfg = Release|Win32
		{7362B637-3F58-40C1-8AEC-0F02A7D72FEF}.Release|x86.Build.0 = Release|Win32
	EndGlobalSection
	GlobalSection(SolutionProperties) = preSolution
		HideSolutionNode = FALSE
	EndGlobalSection
	GlobalSection(ExtensibilityGlobals) = postSolution
		SolutionGuid = {83D95C0B-6177-47E2-8D14-C7474E149C5F}
	EndGlobalSection
EndGlobal
